
Microsoft Visual Studio Solution File, Format Version 12.00
# Visual Studio Express 2013 for Web
VisualStudioVersion = 12.0.30723.0
MinimumVisualStudioVersion = 10.0.40219.1
Project("{FAE04EC0-301F-11D3-BF4B-00C04F79EFBC}") = "Volunteers", "Volunteers\Volunteers.csproj", "{A29CF0A6-20B6-4970-8D23-5FD23B984418}"
EndProject
Global
	GlobalSection(SolutionConfigurationPlatforms) = preSolution
		Debug|Any CPU = Debug|Any CPU
		Release|Any CPU = Release|Any CPU
	EndGlobalSection
	GlobalSection(ProjectConfigurationPlatforms) = postSolution
		{A29CF0A6-20B6-4970-8D23-5FD23B984418}.Debug|Any CPU.ActiveCfg = Debug|Any CPU
		{A29CF0A6-20B6-4970-8D23-5FD23B984418}.Debug|Any CPU.Build.0 = Debug|Any CPU
		{A29CF0A6-20B6-4970-8D23-5FD23B984418}.Release|Any CPU.ActiveCfg = Release|Any CPU
		{A29CF0A6-20B6-4970-8D23-5FD23B984418}.Release|Any CPU.Build.0 = Release|Any CPU
	EndGlobalSection
	GlobalSection(SolutionProperties) = preSolution
		HideSolutionNode = FALSE
	EndGlobalSection
EndGlobal
